
Microsoft Visual Studio Solution File, Format Version 12.00
# Visual Studio Version 17
VisualStudioVersion = 17.4.33205.214
MinimumVisualStudioVersion = 10.0.40219.1
Project("{FAE04EC0-301F-11D3-BF4B-00C04F79EFBC}") = "TarefasAPI", "TarefasAPI.csproj", "{60300C3F-9A80-4D81-BCD3-A2B564C771CB}"
EndProject
Global
	GlobalSection(SolutionConfigurationPlatforms) = preSolution
		Debug|Any CPU = Debug|Any CPU
		Release|Any CPU = Release|Any CPU
	EndGlobalSection
	GlobalSection(ProjectConfigurationPlatforms) = postSolution
		{60300C3F-9A80-4D81-BCD3-A2B564C771CB}.Debug|Any CPU.ActiveCfg = Debug|Any CPU
		{60300C3F-9A80-4D81-BCD3-A2B564C771CB}.Debug|Any CPU.Build.0 = Debug|Any CPU
		{60300C3F-9A80-4D81-BCD3-A2B564C771CB}.Release|Any CPU.ActiveCfg = Release|Any CPU
		{60300C3F-9A80-4D81-BCD3-A2B564C771CB}.Release|Any CPU.Build.0 = Release|Any CPU
	EndGlobalSection
	GlobalSection(SolutionProperties) = preSolution
		HideSolutionNode = FALSE
	EndGlobalSection
	GlobalSection(ExtensibilityGlobals) = postSolution
		SolutionGuid = {0C452BCA-549A-4701-BED1-210A4E840CC3}
	EndGlobalSection
EndGlobal
